{
	"name": "@syncedstore/core",
	"version": "0.3.9",
	"lockfileVersion": 1,
	"requires": true,
	"dependencies": {
		"@reactivedata/reactive": {
			"version": "0.1.16",
			"resolved": "https://registry.npmjs.org/@reactivedata/reactive/-/reactive-0.1.16.tgz",
			"integrity": "sha512-wiE5E7+eqh/oKGPHObcmUJRXUjEXGP4k9Ts3dGJCsQaf3h14nVAWWMwKBY5CTDlIhUViGI8IaehIZxNSziKHXA=="
		}
	}
}
