{
	"name": "@syncedstore/react",
	"version": "0.4.2",
	"lockfileVersion": 2,
	"requires": true,
	"packages": {
		"": {
			"name": "@syncedstore/react",
			"version": "0.4.0",
			"license": "MIT",
			"dependencies": {
				"@reactivedata/react": "0.2.1"
			},
			"peerDependencies": {
				"@syncedstore/core": "*"
			}
		},
		"../core": {
			"name": "@syncedstore/core",
			"version": "0.4.0",
			"license": "MIT",
			"peer": true,
			"dependencies": {
				"@reactivedata/reactive": "0.2.0",
				"@syncedstore/yjs-reactive-bindings": "^0.4.0",
				"@types/eslint": "6.8.0"
			},
			"devDependencies": {
				"@vue/reactivity": "^3.2.21",
				"microbundle": "^0.13.0",
				"rimraf": "^3.0.2"
			},
			"peerDependencies": {
				"yjs": "^13.5.13"
			}
		},
		"../core/node_modules/@syncedstore/yjs-reactive-bindings": {
			"resolved": "../yjs-reactive-bindings",
			"link": true
		},
		"../yjs-reactive-bindings": {
			"name": "@syncedstore/yjs-reactive-bindings",
			"version": "0.4.0",
			"license": "MIT",
			"peer": true,
			"dependencies": {
				"@types/eslint": "6.8.0"
			},
			"devDependencies": {
				"microbundle": "^0.13.0",
				"mobx": "^6.3.5",
				"rimraf": "^3.0.2"
			},
			"peerDependencies": {
				"yjs": "^13.5.13"
			}
		},
		"node_modules/@reactivedata/react": {
			"version": "0.2.1",
			"resolved": "https://registry.npmjs.org/@reactivedata/react/-/react-0.2.1.tgz",
			"integrity": "sha512-nNnZaT3MDisDicXIX5/YvXZoVE0uO5LB47zTIs+hBnDRUAAYAzD8l+RcIa1YzouaOLK0yIx3ffwIvfGy/bJWjg==",
			"dependencies": {
				"@reactivedata/reactive": "^0.2.0"
			},
			"peerDependencies": {
				"react": "^16.8.0 || ^17 || ^18"
			}
		},
		"node_modules/@reactivedata/react/node_modules/@reactivedata/reactive": {
			"version": "0.2.0",
			"resolved": "https://registry.npmjs.org/@reactivedata/reactive/-/reactive-0.2.0.tgz",
			"integrity": "sha512-qWmVSmUrjKHBiD+ZS8TxNNzyk9J6rbcZSZJgcnKQpTLwORZoWuX5pYbl07aU0kzXGLaaVX2O/ZW+SZaBjRQW3g=="
		},
		"node_modules/@syncedstore/core": {
			"resolved": "../core",
			"link": true
		},
		"node_modules/react": {
			"version": "18.2.0",
			"resolved": "https://registry.npmjs.org/react/-/react-18.2.0.tgz",
			"integrity": "sha512-/3IjMdb2L9QbBdWiW5e3P2/npwMBaU9mHCSCUzNln0ZCYbcfTsGbTJrU/kGemdH2IWmB2ioZ+zkxtmq6g09fGQ==",
			"peer": true,
			"dependencies": {
				"loose-envify": "^1.1.0"
			},
			"engines": {
				"node": ">=0.10.0"
			}
		},
		"node_modules/react/node_modules/js-tokens": {
			"version": "4.0.0",
			"resolved": "https://registry.npmjs.org/js-tokens/-/js-tokens-4.0.0.tgz",
			"integrity": "sha512-RdJUflcE3cUzKiMqQgsCu06FPu9UdIJO0beYbPhHN4k6apgJtifcoCtT9bcxOpYBtpD2kCM6Sbzg4CausW/PKQ==",
			"peer": true
		},
		"node_modules/react/node_modules/loose-envify": {
			"version": "1.4.0",
			"resolved": "https://registry.npmjs.org/loose-envify/-/loose-envify-1.4.0.tgz",
			"integrity": "sha512-lyuxPGr/Wfhrlem2CL/UcnUc1zcqKAImBDzukY7Y5F/yQiNdko6+fRLevlw1HgMySw7f611UIY408EtxRSoK3Q==",
			"peer": true,
			"dependencies": {
				"js-tokens": "^3.0.0 || ^4.0.0"
			},
			"bin": {
				"loose-envify": "cli.js"
			}
		}
	},
	"dependencies": {
		"@reactivedata/react": {
			"version": "0.2.1",
			"resolved": "https://registry.npmjs.org/@reactivedata/react/-/react-0.2.1.tgz",
			"integrity": "sha512-nNnZaT3MDisDicXIX5/YvXZoVE0uO5LB47zTIs+hBnDRUAAYAzD8l+RcIa1YzouaOLK0yIx3ffwIvfGy/bJWjg==",
			"requires": {
				"@reactivedata/reactive": "^0.2.0"
			},
			"dependencies": {
				"@reactivedata/reactive": {
					"version": "0.2.0",
					"resolved": "https://registry.npmjs.org/@reactivedata/reactive/-/reactive-0.2.0.tgz",
					"integrity": "sha512-qWmVSmUrjKHBiD+ZS8TxNNzyk9J6rbcZSZJgcnKQpTLwORZoWuX5pYbl07aU0kzXGLaaVX2O/ZW+SZaBjRQW3g=="
				}
			}
		},
		"@syncedstore/core": {
			"version": "file:../core",
			"requires": {
				"@reactivedata/reactive": "0.2.0",
				"@syncedstore/yjs-reactive-bindings": "^0.4.0",
				"@types/eslint": "6.8.0",
				"@vue/reactivity": "^3.2.21",
				"microbundle": "^0.13.0",
				"rimraf": "^3.0.2"
			},
			"dependencies": {
				"@syncedstore/yjs-reactive-bindings": {
					"version": "file:../yjs-reactive-bindings",
					"requires": {
						"@types/eslint": "6.8.0",
						"microbundle": "^0.13.0",
						"mobx": "^6.3.5",
						"rimraf": "^3.0.2"
					}
				}
			}
		},
		"react": {
			"version": "18.2.0",
			"resolved": "https://registry.npmjs.org/react/-/react-18.2.0.tgz",
			"integrity": "sha512-/3IjMdb2L9QbBdWiW5e3P2/npwMBaU9mHCSCUzNln0ZCYbcfTsGbTJrU/kGemdH2IWmB2ioZ+zkxtmq6g09fGQ==",
			"peer": true,
			"requires": {
				"loose-envify": "^1.1.0"
			},
			"dependencies": {
				"js-tokens": {
					"version": "4.0.0",
					"resolved": "https://registry.npmjs.org/js-tokens/-/js-tokens-4.0.0.tgz",
					"integrity": "sha512-RdJUflcE3cUzKiMqQgsCu06FPu9UdIJO0beYbPhHN4k6apgJtifcoCtT9bcxOpYBtpD2kCM6Sbzg4CausW/PKQ==",
					"peer": true
				},
				"loose-envify": {
					"version": "1.4.0",
					"resolved": "https://registry.npmjs.org/loose-envify/-/loose-envify-1.4.0.tgz",
					"integrity": "sha512-lyuxPGr/Wfhrlem2CL/UcnUc1zcqKAImBDzukY7Y5F/yQiNdko6+fRLevlw1HgMySw7f611UIY408EtxRSoK3Q==",
					"peer": true,
					"requires": {
						"js-tokens": "^3.0.0 || ^4.0.0"
					}
				}
			}
		}
	}
}
